// !$*UTF8*$!
{
	archiveVersion = 1;
	classes = {
	};
	objectVersion = 50;
	objects = {

/* Begin PBXAggregateTarget section */
		25FD996C23A4C6AA0050FAB4 /* Release_SigMeshOC */ = {
			isa = PBXAggregateTarget;
			buildConfigurationList = 25FD996F23A4C6AB0050FAB4 /* Build configuration list for PBXAggregateTarget "Release_SigMeshOC" */;
			buildPhases = (
				25FD997023A4C6C50050FAB4 /* ShellScript */,
			);
			dependencies = (
			);
			name = Release_SigMeshOC;
			productName = Release_SigMeshOC;
		};
/* End PBXAggregateTarget section */

/* Begin PBXBuildFile section */
		258E2BEE248A46200078DA7C /* libsig_mesh_lib.a in Frameworks */ = {isa = PBXBuildFile; fileRef = 258E2BE2248A46200078DA7C /* libsig_mesh_lib.a */; };
		258E2F7C248A4F020078DA7C /* time_model.h in Headers */ = {isa = PBXBuildFile; fileRef = 258E2F71248A4F020078DA7C /* time_model.h */; settings = {ATTRIBUTES = (Public, ); }; };
		258E2F7D248A4F020078DA7C /* fast_provision_model.h in Headers */ = {isa = PBXBuildFile; fileRef = 258E2F72248A4F020078DA7C /* fast_provision_model.h */; settings = {ATTRIBUTES = (Public, ); }; };
		258E2F7E248A4F020078DA7C /* scheduler.h in Headers */ = {isa = PBXBuildFile; fileRef = 258E2F73248A4F020078DA7C /* scheduler.h */; settings = {ATTRIBUTES = (Public, ); }; };
		258E2F7F248A4F020078DA7C /* lighting_model_HSL.h in Headers */ = {isa = PBXBuildFile; fileRef = 258E2F74248A4F020078DA7C /* lighting_model_HSL.h */; settings = {ATTRIBUTES = (Public, ); }; };
		258E2F80248A4F020078DA7C /* interface.h in Headers */ = {isa = PBXBuildFile; fileRef = 258E2F75248A4F020078DA7C /* interface.h */; settings = {ATTRIBUTES = (Public, ); }; };
		258E2F81248A4F020078DA7C /* le_crypto.h in Headers */ = {isa = PBXBuildFile; fileRef = 258E2F76248A4F020078DA7C /* le_crypto.h */; settings = {ATTRIBUTES = (Public, ); }; };
		258E2F82248A4F020078DA7C /* remote_prov.h in Headers */ = {isa = PBXBuildFile; fileRef = 258E2F77248A4F020078DA7C /* remote_prov.h */; settings = {ATTRIBUTES = (Public, ); }; };
		258E2F83248A4F020078DA7C /* mesh_common.h in Headers */ = {isa = PBXBuildFile; fileRef = 258E2F78248A4F020078DA7C /* mesh_common.h */; settings = {ATTRIBUTES = (Public, ); }; };
		258E2F84248A4F020078DA7C /* app_heartbeat.h in Headers */ = {isa = PBXBuildFile; fileRef = 258E2F79248A4F020078DA7C /* app_heartbeat.h */; settings = {ATTRIBUTES = (Public, ); }; };
		258E2F85248A4F020078DA7C /* mesh_ota.h in Headers */ = {isa = PBXBuildFile; fileRef = 258E2F7A248A4F020078DA7C /* mesh_ota.h */; settings = {ATTRIBUTES = (Public, ); }; };
		258E2F86248A4F020078DA7C /* scene.h in Headers */ = {isa = PBXBuildFile; fileRef = 258E2F7B248A4F020078DA7C /* scene.h */; };
		258E2F8A248A5BEE0078DA7C /* mesh_node.h in Headers */ = {isa = PBXBuildFile; fileRef = 258E2F89248A5BEE0078DA7C /* mesh_node.h */; settings = {ATTRIBUTES = (Public, ); }; };
		258E2F8C248A5C710078DA7C /* types.h in Headers */ = {isa = PBXBuildFile; fileRef = 258E2F8B248A5C710078DA7C /* types.h */; settings = {ATTRIBUTES = (Public, ); }; };
		258E2F8E248A5CF40078DA7C /* bit.h in Headers */ = {isa = PBXBuildFile; fileRef = 258E2F8D248A5CF40078DA7C /* bit.h */; settings = {ATTRIBUTES = (Public, ); }; };
		258E2F90248A5D710078DA7C /* mesh_config.h in Headers */ = {isa = PBXBuildFile; fileRef = 258E2F8F248A5D710078DA7C /* mesh_config.h */; settings = {ATTRIBUTES = (Public, ); }; };
		258E2F92248A5E020078DA7C /* app_mesh.h in Headers */ = {isa = PBXBuildFile; fileRef = 258E2F91248A5E010078DA7C /* app_mesh.h */; settings = {ATTRIBUTES = (Public, ); }; };
		258E2F94248A5EA60078DA7C /* tutility.h in Headers */ = {isa = PBXBuildFile; fileRef = 258E2F93248A5EA60078DA7C /* tutility.h */; settings = {ATTRIBUTES = (Public, ); }; };
		258E2F96248A600D0078DA7C /* app_provison.h in Headers */ = {isa = PBXBuildFile; fileRef = 258E2F95248A600D0078DA7C /* app_provison.h */; settings = {ATTRIBUTES = (Public, ); }; };
		258E2F9B248DD4410078DA7C /* app_proxy.h in Headers */ = {isa = PBXBuildFile; fileRef = 258E2F9A248DD4410078DA7C /* app_proxy.h */; settings = {ATTRIBUTES = (Public, ); }; };
		258E2F9D248DD63A0078DA7C /* gatt_provision.h in Headers */ = {isa = PBXBuildFile; fileRef = 258E2F9C248DD63A0078DA7C /* gatt_provision.h */; settings = {ATTRIBUTES = (Public, ); }; };
		258E2F9F248DD7240078DA7C /* cmd_interface.h in Headers */ = {isa = PBXBuildFile; fileRef = 258E2F9E248DD7240078DA7C /* cmd_interface.h */; settings = {ATTRIBUTES = (Public, ); }; };
		258E2FA1248DD9BE0078DA7C /* app_beacon.h in Headers */ = {isa = PBXBuildFile; fileRef = 258E2FA0248DD9BE0078DA7C /* app_beacon.h */; settings = {ATTRIBUTES = (Public, ); }; };
		258E2FA3248DDA0B0078DA7C /* hci.h in Headers */ = {isa = PBXBuildFile; fileRef = 258E2FA2248DDA0B0078DA7C /* hci.h */; settings = {ATTRIBUTES = (Public, ); }; };
		258E2FAF248DEA9A0078DA7C /* light.h in Headers */ = {isa = PBXBuildFile; fileRef = 258E2FAE248DEA990078DA7C /* light.h */; settings = {ATTRIBUTES = (Public, ); }; };
		258E2FB1248DEC7B0078DA7C /* blt_config.h in Headers */ = {isa = PBXBuildFile; fileRef = 258E2FB0248DEC7B0078DA7C /* blt_config.h */; settings = {ATTRIBUTES = (Public, ); }; };
		258E2FB3248DED3C0078DA7C /* ble_common.h in Headers */ = {isa = PBXBuildFile; fileRef = 258E2FB2248DED3C0078DA7C /* ble_common.h */; settings = {ATTRIBUTES = (Public, ); }; };
		25946957248E27280011792F /* pem2.h in Headers */ = {isa = PBXBuildFile; fileRef = 25946901248E27270011792F /* pem2.h */; };
		25946958248E27280011792F /* pem.h in Headers */ = {isa = PBXBuildFile; fileRef = 25946902248E27270011792F /* pem.h */; };
		25946959248E27280011792F /* ssl3.h in Headers */ = {isa = PBXBuildFile; fileRef = 25946903248E27270011792F /* ssl3.h */; };
		2594695A248E27280011792F /* ossl_typ.h in Headers */ = {isa = PBXBuildFile; fileRef = 25946904248E27270011792F /* ossl_typ.h */; };
		2594695B248E27280011792F /* dtls1.h in Headers */ = {isa = PBXBuildFile; fileRef = 25946905248E27270011792F /* dtls1.h */; };
		2594695C248E27280011792F /* err.h in Headers */ = {isa = PBXBuildFile; fileRef = 25946906248E27270011792F /* err.h */; };
		2594695D248E27280011792F /* bn.h in Headers */ = {isa = PBXBuildFile; fileRef = 25946907248E27270011792F /* bn.h */; };
		2594695E248E27280011792F /* blowfish.h in Headers */ = {isa = PBXBuildFile; fileRef = 25946908248E27270011792F /* blowfish.h */; };
		2594695F248E27280011792F /* cms.h in Headers */ = {isa = PBXBuildFile; fileRef = 25946909248E27270011792F /* cms.h */; };
		25946960248E27280011792F /* engine.h in Headers */ = {isa = PBXBuildFile; fileRef = 2594690A248E27270011792F /* engine.h */; };
		25946961248E27280011792F /* conf_api.h in Headers */ = {isa = PBXBuildFile; fileRef = 2594690B248E27270011792F /* conf_api.h */; };
		25946962248E27280011792F /* x509.h in Headers */ = {isa = PBXBuildFile; fileRef = 2594690C248E27280011792F /* x509.h */; };
		25946963248E27280011792F /* asn1_mac.h in Headers */ = {isa = PBXBuildFile; fileRef = 2594690D248E27280011792F /* asn1_mac.h */; };
		25946964248E27280011792F /* ui.h in Headers */ = {isa = PBXBuildFile; fileRef = 2594690E248E27280011792F /* ui.h */; };
		25946965248E27280011792F /* kssl.h in Headers */ = {isa = PBXBuildFile; fileRef = 2594690F248E27280011792F /* kssl.h */; };
		25946966248E27280011792F /* sha.h in Headers */ = {isa = PBXBuildFile; fileRef = 25946910248E27280011792F /* sha.h */; };
		25946967248E27280011792F /* symhacks.h in Headers */ = {isa = PBXBuildFile; fileRef = 25946911248E27280011792F /* symhacks.h */; };
		25946968248E27280011792F /* asn1.h in Headers */ = {isa = PBXBuildFile; fileRef = 25946912248E27280011792F /* asn1.h */; };
		25946969248E27280011792F /* opensslconf.h in Headers */ = {isa = PBXBuildFile; fileRef = 25946913248E27280011792F /* opensslconf.h */; };
		2594696A248E27280011792F /* bio.h in Headers */ = {isa = PBXBuildFile; fileRef = 25946914248E27280011792F /* bio.h */; };
		2594696B248E27280011792F /* rc2.h in Headers */ = {isa = PBXBuildFile; fileRef = 25946915248E27280011792F /* rc2.h */; };
		2594696C248E27280011792F /* dh.h in Headers */ = {isa = PBXBuildFile; fileRef = 25946916248E27280011792F /* dh.h */; };
		2594696D248E27280011792F /* opensslconf-armv7.h in Headers */ = {isa = PBXBuildFile; fileRef = 25946917248E27280011792F /* opensslconf-armv7.h */; };
		2594696E248E27280011792F /* ui_compat.h in Headers */ = {isa = PBXBuildFile; fileRef = 25946918248E27280011792F /* ui_compat.h */; };
		2594696F248E27280011792F /* x509v3.h in Headers */ = {isa = PBXBuildFile; fileRef = 25946919248E27280011792F /* x509v3.h */; };
		25946970248E27280011792F /* opensslconf-armv7s.h in Headers */ = {isa = PBXBuildFile; fileRef = 2594691A248E27280011792F /* opensslconf-armv7s.h */; };
		25946971248E27280011792F /* ssl23.h in Headers */ = {isa = PBXBuildFile; fileRef = 2594691B248E27280011792F /* ssl23.h */; };
		25946972248E27280011792F /* conf.h in Headers */ = {isa = PBXBuildFile; fileRef = 2594691C248E27280011792F /* conf.h */; };
		25946973248E27280011792F /* opensslconf-x86_64.h in Headers */ = {isa = PBXBuildFile; fileRef = 2594691D248E27280011792F /* opensslconf-x86_64.h */; };
		25946974248E27280011792F /* md5.h in Headers */ = {isa = PBXBuildFile; fileRef = 2594691E248E27280011792F /* md5.h */; };
		25946975248E27280011792F /* x509_vfy.h in Headers */ = {isa = PBXBuildFile; fileRef = 2594691F248E27280011792F /* x509_vfy.h */; };
		25946976248E27280011792F /* txt_db.h in Headers */ = {isa = PBXBuildFile; fileRef = 25946920248E27280011792F /* txt_db.h */; };
		25946977248E27280011792F /* safestack.h in Headers */ = {isa = PBXBuildFile; fileRef = 25946921248E27280011792F /* safestack.h */; };
		25946978248E27280011792F /* opensslconf-i386.h in Headers */ = {isa = PBXBuildFile; fileRef = 25946922248E27280011792F /* opensslconf-i386.h */; };
		25946979248E27280011792F /* opensslconf-arm64.h in Headers */ = {isa = PBXBuildFile; fileRef = 25946923248E27280011792F /* opensslconf-arm64.h */; };
		2594697A248E27280011792F /* ecdsa.h in Headers */ = {isa = PBXBuildFile; fileRef = 25946924248E27280011792F /* ecdsa.h */; };
		2594697B248E27280011792F /* objects.h in Headers */ = {isa = PBXBuildFile; fileRef = 25946925248E27280011792F /* objects.h */; };
		2594697C248E27280011792F /* pkcs12.h in Headers */ = {isa = PBXBuildFile; fileRef = 25946926248E27280011792F /* pkcs12.h */; };
		2594697D248E27280011792F /* crypto.h in Headers */ = {isa = PBXBuildFile; fileRef = 25946927248E27280011792F /* crypto.h */; };
		2594697E248E27280011792F /* opensslv.h in Headers */ = {isa = PBXBuildFile; fileRef = 25946928248E27280011792F /* opensslv.h */; };
		2594697F248E27280011792F /* pkcs7.h in Headers */ = {isa = PBXBuildFile; fileRef = 25946929248E27280011792F /* pkcs7.h */; };
		25946980248E27280011792F /* obj_mac.h in Headers */ = {isa = PBXBuildFile; fileRef = 2594692A248E27280011792F /* obj_mac.h */; };
		25946981248E27280011792F /* buffer.h in Headers */ = {isa = PBXBuildFile; fileRef = 2594692B248E27280011792F /* buffer.h */; };
		25946982248E27280011792F /* ssl.h in Headers */ = {isa = PBXBuildFile; fileRef = 2594692C248E27280011792F /* ssl.h */; };
		25946983248E27280011792F /* srp.h in Headers */ = {isa = PBXBuildFile; fileRef = 2594692D248E27280011792F /* srp.h */; };
		25946984248E27280011792F /* camellia.h in Headers */ = {isa = PBXBuildFile; fileRef = 2594692E248E27280011792F /* camellia.h */; };
		25946985248E27280011792F /* evp.h in Headers */ = {isa = PBXBuildFile; fileRef = 2594692F248E27280011792F /* evp.h */; };
		25946986248E27280011792F /* e_os2.h in Headers */ = {isa = PBXBuildFile; fileRef = 25946930248E27280011792F /* e_os2.h */; };
		25946987248E27280011792F /* md4.h in Headers */ = {isa = PBXBuildFile; fileRef = 25946931248E27280011792F /* md4.h */; };
		25946988248E27280011792F /* hmac.h in Headers */ = {isa = PBXBuildFile; fileRef = 25946932248E27280011792F /* hmac.h */; };
		25946989248E27280011792F /* aes.h in Headers */ = {isa = PBXBuildFile; fileRef = 25946933248E27280011792F /* aes.h */; };
		2594698A248E27280011792F /* comp.h in Headers */ = {isa = PBXBuildFile; fileRef = 25946934248E27280011792F /* comp.h */; };
		2594698B248E27280011792F /* cast.h in Headers */ = {isa = PBXBuildFile; fileRef = 25946935248E27280011792F /* cast.h */; };
		2594698C248E27280011792F /* rc4.h in Headers */ = {isa = PBXBuildFile; fileRef = 25946936248E27280011792F /* rc4.h */; };
		2594698D248E27280011792F /* stack.h in Headers */ = {isa = PBXBuildFile; fileRef = 25946937248E27280011792F /* stack.h */; };
		2594698E248E27280011792F /* des.h in Headers */ = {isa = PBXBuildFile; fileRef = 25946938248E27280011792F /* des.h */; };
		2594698F248E27280011792F /* ocsp.h in Headers */ = {isa = PBXBuildFile; fileRef = 25946939248E27280011792F /* ocsp.h */; };
		25946990248E27280011792F /* ec.h in Headers */ = {isa = PBXBuildFile; fileRef = 2594693A248E27280011792F /* ec.h */; };
		25946991248E27280011792F /* ecdh.h in Headers */ = {isa = PBXBuildFile; fileRef = 2594693B248E27280011792F /* ecdh.h */; };
		25946992248E27280011792F /* rand.h in Headers */ = {isa = PBXBuildFile; fileRef = 2594693C248E27280011792F /* rand.h */; };
		25946993248E27280011792F /* ts.h in Headers */ = {isa = PBXBuildFile; fileRef = 2594693D248E27280011792F /* ts.h */; };
		25946994248E27280011792F /* pqueue.h in Headers */ = {isa = PBXBuildFile; fileRef = 2594693E248E27280011792F /* pqueue.h */; };
		25946995248E27280011792F /* dso.h in Headers */ = {isa = PBXBuildFile; fileRef = 2594693F248E27280011792F /* dso.h */; };
		25946996248E27280011792F /* seed.h in Headers */ = {isa = PBXBuildFile; fileRef = 25946940248E27280011792F /* seed.h */; };
		25946997248E27280011792F /* modes.h in Headers */ = {isa = PBXBuildFile; fileRef = 25946941248E27280011792F /* modes.h */; };
		25946998248E27280011792F /* ssl2.h in Headers */ = {isa = PBXBuildFile; fileRef = 25946942248E27280011792F /* ssl2.h */; };
		25946999248E27280011792F /* rsa.h in Headers */ = {isa = PBXBuildFile; fileRef = 25946943248E27280011792F /* rsa.h */; };
		2594699A248E27280011792F /* krb5_asn.h in Headers */ = {isa = PBXBuildFile; fileRef = 25946944248E27280011792F /* krb5_asn.h */; };
		2594699B248E27280011792F /* des_old.h in Headers */ = {isa = PBXBuildFile; fileRef = 25946945248E27280011792F /* des_old.h */; };
		2594699C248E27280011792F /* ripemd.h in Headers */ = {isa = PBXBuildFile; fileRef = 25946946248E27280011792F /* ripemd.h */; };
		2594699D248E27280011792F /* whrlpool.h in Headers */ = {isa = PBXBuildFile; fileRef = 25946947248E27280011792F /* whrlpool.h */; };
		2594699E248E27280011792F /* tls1.h in Headers */ = {isa = PBXBuildFile; fileRef = 25946948248E27280011792F /* tls1.h */; };
		2594699F248E27280011792F /* mdc2.h in Headers */ = {isa = PBXBuildFile; fileRef = 25946949248E27280011792F /* mdc2.h */; };
		259469A0248E27280011792F /* dsa.h in Headers */ = {isa = PBXBuildFile; fileRef = 2594694A248E27280011792F /* dsa.h */; };
		259469A1248E27280011792F /* srtp.h in Headers */ = {isa = PBXBuildFile; fileRef = 2594694B248E27280011792F /* srtp.h */; };
		259469A2248E27280011792F /* asn1t.h in Headers */ = {isa = PBXBuildFile; fileRef = 2594694C248E27280011792F /* asn1t.h */; };
		259469A3248E27280011792F /* cmac.h in Headers */ = {isa = PBXBuildFile; fileRef = 2594694D248E27280011792F /* cmac.h */; };
		259469A4248E27280011792F /* ebcdic.h in Headers */ = {isa = PBXBuildFile; fileRef = 2594694E248E27280011792F /* ebcdic.h */; };
		259469A5248E27280011792F /* idea.h in Headers */ = {isa = PBXBuildFile; fileRef = 2594694F248E27280011792F /* idea.h */; };
		259469A6248E27280011792F /* lhash.h in Headers */ = {isa = PBXBuildFile; fileRef = 25946950248E27280011792F /* lhash.h */; };
		259469A7248E27280011792F /* shim.h in Headers */ = {isa = PBXBuildFile; fileRef = 25946951248E27280011792F /* shim.h */; };
		259469A8248E27280011792F /* README.md in Resources */ = {isa = PBXBuildFile; fileRef = 25946952248E27280011792F /* README.md */; };
		259469A9248E27280011792F /* libcrypto.a in Frameworks */ = {isa = PBXBuildFile; fileRef = 25946954248E27280011792F /* libcrypto.a */; };
		259469AA248E27280011792F /* libssl.a in Frameworks */ = {isa = PBXBuildFile; fileRef = 25946955248E27280011792F /* libssl.a */; };
		259469AB248E27280011792F /* LICENSE.txt in Resources */ = {isa = PBXBuildFile; fileRef = 25946956248E27280011792F /* LICENSE.txt */; };
		25C40DB723A219CD00FD144F /* Model.h in Headers */ = {isa = PBXBuildFile; fileRef = 25C40D9D23A219CC00FD144F /* Model.h */; settings = {ATTRIBUTES = (Public, ); }; };
		25C40DB823A219CD00FD144F /* SigDataSource.h in Headers */ = {isa = PBXBuildFile; fileRef = 25C40D9E23A219CC00FD144F /* SigDataSource.h */; settings = {ATTRIBUTES = (Public, ); }; };
		25C40DB923A219CD00FD144F /* XHelp.h in Headers */ = {isa = PBXBuildFile; fileRef = 25C40D9F23A219CC00FD144F /* XHelp.h */; settings = {ATTRIBUTES = (Public, ); }; };
		25C40DBA23A219CD00FD144F /* LibHandle.h in Headers */ = {isa = PBXBuildFile; fileRef = 25C40DA023A219CC00FD144F /* LibHandle.h */; settings = {ATTRIBUTES = (Public, ); }; };
		25C40DBB23A219CD00FD144F /* BLECallBackAPI.m in Sources */ = {isa = PBXBuildFile; fileRef = 25C40DA123A219CC00FD144F /* BLECallBackAPI.m */; };
		25C40DBC23A219CD00FD144F /* TransmitJsonManager.m in Sources */ = {isa = PBXBuildFile; fileRef = 25C40DA223A219CC00FD144F /* TransmitJsonManager.m */; };
		25C40DBD23A219CD00FD144F /* Bluetooth.h in Headers */ = {isa = PBXBuildFile; fileRef = 25C40DA323A219CC00FD144F /* Bluetooth.h */; settings = {ATTRIBUTES = (Public, ); }; };
		25C40DBE23A219CD00FD144F /* OpenSSLHelper.h in Headers */ = {isa = PBXBuildFile; fileRef = 25C40DA423A219CC00FD144F /* OpenSSLHelper.h */; settings = {ATTRIBUTES = (Public, ); }; };
		25C40DBF23A219CD00FD144F /* MeshOTAManager.h in Headers */ = {isa = PBXBuildFile; fileRef = 25C40DA523A219CC00FD144F /* MeshOTAManager.h */; settings = {ATTRIBUTES = (Public, ); }; };
		25C40DC023A219CD00FD144F /* OTAManager.h in Headers */ = {isa = PBXBuildFile; fileRef = 25C40DA623A219CC00FD144F /* OTAManager.h */; settings = {ATTRIBUTES = (Public, ); }; };
		25C40DC123A219CD00FD144F /* SDKLibCommand.h in Headers */ = {isa = PBXBuildFile; fileRef = 25C40DA723A219CC00FD144F /* SDKLibCommand.h */; settings = {ATTRIBUTES = (Public, ); }; };
		25C40DC223A219CD00FD144F /* XHelp.m in Sources */ = {isa = PBXBuildFile; fileRef = 25C40DA823A219CC00FD144F /* XHelp.m */; };
		25C40DC323A219CD00FD144F /* TransmitJsonManager.h in Headers */ = {isa = PBXBuildFile; fileRef = 25C40DA923A219CC00FD144F /* TransmitJsonManager.h */; settings = {ATTRIBUTES = (Public, ); }; };
		25C40DC423A219CD00FD144F /* OpenSSLHelper.m in Sources */ = {isa = PBXBuildFile; fileRef = 25C40DAA23A219CC00FD144F /* OpenSSLHelper.m */; };
		25C40DC523A219CD00FD144F /* SDKLibCommand.m in Sources */ = {isa = PBXBuildFile; fileRef = 25C40DAB23A219CC00FD144F /* SDKLibCommand.m */; };
		25C40DC623A219CD00FD144F /* LibTools.m in Sources */ = {isa = PBXBuildFile; fileRef = 25C40DAC23A219CC00FD144F /* LibTools.m */; };
		25C40DC723A219CD00FD144F /* MeshOTAManager.m in Sources */ = {isa = PBXBuildFile; fileRef = 25C40DAD23A219CC00FD144F /* MeshOTAManager.m */; };
		25C40DC823A219CD00FD144F /* SigDataSource.m in Sources */ = {isa = PBXBuildFile; fileRef = 25C40DAE23A219CC00FD144F /* SigDataSource.m */; };
		25C40DC923A219CD00FD144F /* BLEProperties.m in Sources */ = {isa = PBXBuildFile; fileRef = 25C40DAF23A219CC00FD144F /* BLEProperties.m */; };
		25C40DCA23A219CD00FD144F /* Model.m in Sources */ = {isa = PBXBuildFile; fileRef = 25C40DB023A219CC00FD144F /* Model.m */; };
		25C40DCB23A219CD00FD144F /* BLEProperties.h in Headers */ = {isa = PBXBuildFile; fileRef = 25C40DB123A219CD00FD144F /* BLEProperties.h */; settings = {ATTRIBUTES = (Public, ); }; };
		25C40DCC23A219CD00FD144F /* LibHandle.m in Sources */ = {isa = PBXBuildFile; fileRef = 25C40DB223A219CD00FD144F /* LibHandle.m */; };
		25C40DCD23A219CD00FD144F /* LibTools.h in Headers */ = {isa = PBXBuildFile; fileRef = 25C40DB323A219CD00FD144F /* LibTools.h */; settings = {ATTRIBUTES = (Public, ); }; };
		25C40DCE23A219CD00FD144F /* Bluetooth.m in Sources */ = {isa = PBXBuildFile; fileRef = 25C40DB423A219CD00FD144F /* Bluetooth.m */; };
		25C40DCF23A219CD00FD144F /* BLECallBackAPI.h in Headers */ = {isa = PBXBuildFile; fileRef = 25C40DB523A219CD00FD144F /* BLECallBackAPI.h */; settings = {ATTRIBUTES = (Public, ); }; };
		25C40DD023A219CD00FD144F /* OTAManager.m in Sources */ = {isa = PBXBuildFile; fileRef = 25C40DB623A219CD00FD144F /* OTAManager.m */; };
		25C40F6C23A24B1900FD144F /* CoreBluetooth.framework in Frameworks */ = {isa = PBXBuildFile; fileRef = 25C40F6B23A24B1900FD144F /* CoreBluetooth.framework */; };
		25C40F6E23A24C2900FD144F /* SigMeshOC-PrefixHeader.pch in Headers */ = {isa = PBXBuildFile; fileRef = 25C40F6D23A24C2900FD144F /* SigMeshOC-PrefixHeader.pch */; };
		25FFB86E23A0D94A00334698 /* SigMeshOC.h in Headers */ = {isa = PBXBuildFile; fileRef = 25FFB86C23A0D94A00334698 /* SigMeshOC.h */; settings = {ATTRIBUTES = (Public, ); }; };
		25FFB8A423A0DA3A00334698 /* BTConst.h in Headers */ = {isa = PBXBuildFile; fileRef = 25FFB88623A0DA3900334698 /* BTConst.h */; settings = {ATTRIBUTES = (Public, ); }; };
/* End PBXBuildFile section */

/* Begin PBXFileReference section */
		258E2BE2248A46200078DA7C /* libsig_mesh_lib.a */ = {isa = PBXFileReference; lastKnownFileType = archive.ar; path = libsig_mesh_lib.a; sourceTree = "<group>"; };
		258E2F71248A4F020078DA7C /* time_model.h */ = {isa = PBXFileReference; fileEncoding = 4; lastKnownFileType = sourcecode.c.h; path = time_model.h; sourceTree = "<group>"; };
		258E2F72248A4F020078DA7C /* fast_provision_model.h */ = {isa = PBXFileReference; fileEncoding = 4; lastKnownFileType = sourcecode.c.h; path = fast_provision_model.h; sourceTree = "<group>"; };
		258E2F73248A4F020078DA7C /* scheduler.h */ = {isa = PBXFileReference; fileEncoding = 4; lastKnownFileType = sourcecode.c.h; path = scheduler.h; sourceTree = "<group>"; };
		258E2F74248A4F020078DA7C /* lighting_model_HSL.h */ = {isa = PBXFileReference; fileEncoding = 4; lastKnownFileType = sourcecode.c.h; path = lighting_model_HSL.h; sourceTree = "<group>"; };
		258E2F75248A4F020078DA7C /* interface.h */ = {isa = PBXFileReference; fileEncoding = 4; lastKnownFileType = sourcecode.c.h; path = interface.h; sourceTree = "<group>"; };
		258E2F76248A4F020078DA7C /* le_crypto.h */ = {isa = PBXFileReference; fileEncoding = 4; lastKnownFileType = sourcecode.c.h; path = le_crypto.h; sourceTree = "<group>"; };
		258E2F77248A4F020078DA7C /* remote_prov.h */ = {isa = PBXFileReference; fileEncoding = 4; lastKnownFileType = sourcecode.c.h; path = remote_prov.h; sourceTree = "<group>"; };
		258E2F78248A4F020078DA7C /* mesh_common.h */ = {isa = PBXFileReference; fileEncoding = 4; lastKnownFileType = sourcecode.c.h; path = mesh_common.h; sourceTree = "<group>"; };
		258E2F79248A4F020078DA7C /* app_heartbeat.h */ = {isa = PBXFileReference; fileEncoding = 4; lastKnownFileType = sourcecode.c.h; path = app_heartbeat.h; sourceTree = "<group>"; };
		258E2F7A248A4F020078DA7C /* mesh_ota.h */ = {isa = PBXFileReference; fileEncoding = 4; lastKnownFileType = sourcecode.c.h; path = mesh_ota.h; sourceTree = "<group>"; };
		258E2F7B248A4F020078DA7C /* scene.h */ = {isa = PBXFileReference; fileEncoding = 4; lastKnownFileType = sourcecode.c.h; path = scene.h; sourceTree = "<group>"; };
		258E2F89248A5BEE0078DA7C /* mesh_node.h */ = {isa = PBXFileReference; fileEncoding = 4; lastKnownFileType = sourcecode.c.h; path = mesh_node.h; sourceTree = "<group>"; };
		258E2F8B248A5C710078DA7C /* types.h */ = {isa = PBXFileReference; fileEncoding = 4; lastKnownFileType = sourcecode.c.h; path = types.h; sourceTree = "<group>"; };
		258E2F8D248A5CF40078DA7C /* bit.h */ = {isa = PBXFileReference; fileEncoding = 4; lastKnownFileType = sourcecode.c.h; path = bit.h; sourceTree = "<group>"; };
		258E2F8F248A5D710078DA7C /* mesh_config.h */ = {isa = PBXFileReference; fileEncoding = 4; lastKnownFileType = sourcecode.c.h; path = mesh_config.h; sourceTree = "<group>"; };
		258E2F91248A5E010078DA7C /* app_mesh.h */ = {isa = PBXFileReference; fileEncoding = 4; lastKnownFileType = sourcecode.c.h; path = app_mesh.h; sourceTree = "<group>"; };
		258E2F93248A5EA60078DA7C /* tutility.h */ = {isa = PBXFileReference; fileEncoding = 4; lastKnownFileType = sourcecode.c.h; path = tutility.h; sourceTree = "<group>"; };
		258E2F95248A600D0078DA7C /* app_provison.h */ = {isa = PBXFileReference; fileEncoding = 4; lastKnownFileType = sourcecode.c.h; path = app_provison.h; sourceTree = "<group>"; };
		258E2F9A248DD4410078DA7C /* app_proxy.h */ = {isa = PBXFileReference; fileEncoding = 4; lastKnownFileType = sourcecode.c.h; path = app_proxy.h; sourceTree = "<group>"; };
		258E2F9C248DD63A0078DA7C /* gatt_provision.h */ = {isa = PBXFileReference; fileEncoding = 4; lastKnownFileType = sourcecode.c.h; path = gatt_provision.h; sourceTree = "<group>"; };
		258E2F9E248DD7240078DA7C /* cmd_interface.h */ = {isa = PBXFileReference; fileEncoding = 4; lastKnownFileType = sourcecode.c.h; path = cmd_interface.h; sourceTree = "<group>"; };
		258E2FA0248DD9BE0078DA7C /* app_beacon.h */ = {isa = PBXFileReference; fileEncoding = 4; lastKnownFileType = sourcecode.c.h; path = app_beacon.h; sourceTree = "<group>"; };
		258E2FA2248DDA0B0078DA7C /* hci.h */ = {isa = PBXFileReference; fileEncoding = 4; lastKnownFileType = sourcecode.c.h; path = hci.h; sourceTree = "<group>"; };
		258E2FAE248DEA990078DA7C /* light.h */ = {isa = PBXFileReference; fileEncoding = 4; lastKnownFileType = sourcecode.c.h; path = light.h; sourceTree = "<group>"; };
		258E2FB0248DEC7B0078DA7C /* blt_config.h */ = {isa = PBXFileReference; fileEncoding = 4; lastKnownFileType = sourcecode.c.h; path = blt_config.h; sourceTree = "<group>"; };
		258E2FB2248DED3C0078DA7C /* ble_common.h */ = {isa = PBXFileReference; fileEncoding = 4; lastKnownFileType = sourcecode.c.h; path = ble_common.h; sourceTree = "<group>"; };
		25946901248E27270011792F /* pem2.h */ = {isa = PBXFileReference; fileEncoding = 4; lastKnownFileType = sourcecode.c.h; path = pem2.h; sourceTree = "<group>"; };
		25946902248E27270011792F /* pem.h */ = {isa = PBXFileReference; fileEncoding = 4; lastKnownFileType = sourcecode.c.h; path = pem.h; sourceTree = "<group>"; };
		25946903248E27270011792F /* ssl3.h */ = {isa = PBXFileReference; fileEncoding = 4; lastKnownFileType = sourcecode.c.h; path = ssl3.h; sourceTree = "<group>"; };
		25946904248E27270011792F /* ossl_typ.h */ = {isa = PBXFileReference; fileEncoding = 4; lastKnownFileType = sourcecode.c.h; path = ossl_typ.h; sourceTree = "<group>"; };
		25946905248E27270011792F /* dtls1.h */ = {isa = PBXFileReference; fileEncoding = 4; lastKnownFileType = sourcecode.c.h; path = dtls1.h; sourceTree = "<group>"; };
		25946906248E27270011792F /* err.h */ = {isa = PBXFileReference; fileEncoding = 4; lastKnownFileType = sourcecode.c.h; path = err.h; sourceTree = "<group>"; };
		25946907248E27270011792F /* bn.h */ = {isa = PBXFileReference; fileEncoding = 4; lastKnownFileType = sourcecode.c.h; path = bn.h; sourceTree = "<group>"; };
		25946908248E27270011792F /* blowfish.h */ = {isa = PBXFileReference; fileEncoding = 4; lastKnownFileType = sourcecode.c.h; path = blowfish.h; sourceTree = "<group>"; };
		25946909248E27270011792F /* cms.h */ = {isa = PBXFileReference; fileEncoding = 4; lastKnownFileType = sourcecode.c.h; path = cms.h; sourceTree = "<group>"; };
		2594690A248E27270011792F /* engine.h */ = {isa = PBXFileReference; fileEncoding = 4; lastKnownFileType = sourcecode.c.h; path = engine.h; sourceTree = "<group>"; };
		2594690B248E27270011792F /* conf_api.h */ = {isa = PBXFileReference; fileEncoding = 4; lastKnownFileType = sourcecode.c.h; path = conf_api.h; sourceTree = "<group>"; };
		2594690C248E27280011792F /* x509.h */ = {isa = PBXFileReference; fileEncoding = 4; lastKnownFileType = sourcecode.c.h; path = x509.h; sourceTree = "<group>"; };
		2594690D248E27280011792F /* asn1_mac.h */ = {isa = PBXFileReference; fileEncoding = 4; lastKnownFileType = sourcecode.c.h; path = asn1_mac.h; sourceTree = "<group>"; };
		2594690E248E27280011792F /* ui.h */ = {isa = PBXFileReference; fileEncoding = 4; lastKnownFileType = sourcecode.c.h; path = ui.h; sourceTree = "<group>"; };
		2594690F248E27280011792F /* kssl.h */ = {isa = PBXFileReference; fileEncoding = 4; lastKnownFileType = sourcecode.c.h; path = kssl.h; sourceTree = "<group>"; };
		25946910248E27280011792F /* sha.h */ = {isa = PBXFileReference; fileEncoding = 4; lastKnownFileType = sourcecode.c.h; path = sha.h; sourceTree = "<group>"; };
		25946911248E27280011792F /* symhacks.h */ = {isa = PBXFileReference; fileEncoding = 4; lastKnownFileType = sourcecode.c.h; path = symhacks.h; sourceTree = "<group>"; };
		25946912248E27280011792F /* asn1.h */ = {isa = PBXFileReference; fileEncoding = 4; lastKnownFileType = sourcecode.c.h; path = asn1.h; sourceTree = "<group>"; };
		25946913248E27280011792F /* opensslconf.h */ = {isa = PBXFileReference; fileEncoding = 4; lastKnownFileType = sourcecode.c.h; path = opensslconf.h; sourceTree = "<group>"; };
		25946914248E27280011792F /* bio.h */ = {isa = PBXFileReference; fileEncoding = 4; lastKnownFileType = sourcecode.c.h; path = bio.h; sourceTree = "<group>"; };
		25946915248E27280011792F /* rc2.h */ = {isa = PBXFileReference; fileEncoding = 4; lastKnownFileType = sourcecode.c.h; path = rc2.h; sourceTree = "<group>"; };
		25946916248E27280011792F /* dh.h */ = {isa = PBXFileReference; fileEncoding = 4; lastKnownFileType = sourcecode.c.h; path = dh.h; sourceTree = "<group>"; };
		25946917248E27280011792F /* opensslconf-armv7.h */ = {isa = PBXFileReference; fileEncoding = 4; lastKnownFileType = sourcecode.c.h; path = "opensslconf-armv7.h"; sourceTree = "<group>"; };
		25946918248E27280011792F /* ui_compat.h */ = {isa = PBXFileReference; fileEncoding = 4; lastKnownFileType = sourcecode.c.h; path = ui_compat.h; sourceTree = "<group>"; };
		25946919248E27280011792F /* x509v3.h */ = {isa = PBXFileReference; fileEncoding = 4; lastKnownFileType = sourcecode.c.h; path = x509v3.h; sourceTree = "<group>"; };
		2594691A248E27280011792F /* opensslconf-armv7s.h */ = {isa = PBXFileReference; fileEncoding = 4; lastKnownFileType = sourcecode.c.h; path = "opensslconf-armv7s.h"; sourceTree = "<group>"; };
		2594691B248E27280011792F /* ssl23.h */ = {isa = PBXFileReference; fileEncoding = 4; lastKnownFileType = sourcecode.c.h; path = ssl23.h; sourceTree = "<group>"; };
		2594691C248E27280011792F /* conf.h */ = {isa = PBXFileReference; fileEncoding = 4; lastKnownFileType = sourcecode.c.h; path = conf.h; sourceTree = "<group>"; };
		2594691D248E27280011792F /* opensslconf-x86_64.h */ = {isa = PBXFileReference; fileEncoding = 4; lastKnownFileType = sourcecode.c.h; path = "opensslconf-x86_64.h"; sourceTree = "<group>"; };
		2594691E248E27280011792F /* md5.h */ = {isa = PBXFileReference; fileEncoding = 4; lastKnownFileType = sourcecode.c.h; path = md5.h; sourceTree = "<group>"; };
		2594691F248E27280011792F /* x509_vfy.h */ = {isa = PBXFileReference; fileEncoding = 4; lastKnownFileType = sourcecode.c.h; path = x509_vfy.h; sourceTree = "<group>"; };
		25946920248E27280011792F /* txt_db.h */ = {isa = PBXFileReference; fileEncoding = 4; lastKnownFileType = sourcecode.c.h; path = txt_db.h; sourceTree = "<group>"; };
		25946921248E27280011792F /* safestack.h */ = {isa = PBXFileReference; fileEncoding = 4; lastKnownFileType = sourcecode.c.h; path = safestack.h; sourceTree = "<group>"; };
		25946922248E27280011792F /* opensslconf-i386.h */ = {isa = PBXFileReference; fileEncoding = 4; lastKnownFileType = sourcecode.c.h; path = "opensslconf-i386.h"; sourceTree = "<group>"; };
		25946923248E27280011792F /* opensslconf-arm64.h */ = {isa = PBXFileReference; fileEncoding = 4; lastKnownFileType = sourcecode.c.h; path = "opensslconf-arm64.h"; sourceTree = "<group>"; };
		25946924248E27280011792F /* ecdsa.h */ = {isa = PBXFileReference; fileEncoding = 4; lastKnownFileType = sourcecode.c.h; path = ecdsa.h; sourceTree = "<group>"; };
		25946925248E27280011792F /* objects.h */ = {isa = PBXFileReference; fileEncoding = 4; lastKnownFileType = sourcecode.c.h; path = objects.h; sourceTree = "<group>"; };
		25946926248E27280011792F /* pkcs12.h */ = {isa = PBXFileReference; fileEncoding = 4; lastKnownFileType = sourcecode.c.h; path = pkcs12.h; sourceTree = "<group>"; };
		25946927248E27280011792F /* crypto.h */ = {isa = PBXFileReference; fileEncoding = 4; lastKnownFileType = sourcecode.c.h; path = crypto.h; sourceTree = "<group>"; };
		25946928248E27280011792F /* opensslv.h */ = {isa = PBXFileReference; fileEncoding = 4; lastKnownFileType = sourcecode.c.h; path = opensslv.h; sourceTree = "<group>"; };
		25946929248E27280011792F /* pkcs7.h */ = {isa = PBXFileReference; fileEncoding = 4; lastKnownFileType = sourcecode.c.h; path = pkcs7.h; sourceTree = "<group>"; };
		2594692A248E27280011792F /* obj_mac.h */ = {isa = PBXFileReference; fileEncoding = 4; lastKnownFileType = sourcecode.c.h; path = obj_mac.h; sourceTree = "<group>"; };
		2594692B248E27280011792F /* buffer.h */ = {isa = PBXFileReference; fileEncoding = 4; lastKnownFileType = sourcecode.c.h; path = buffer.h; sourceTree = "<group>"; };
		2594692C248E27280011792F /* ssl.h */ = {isa = PBXFileReference; fileEncoding = 4; lastKnownFileType = sourcecode.c.h; path = ssl.h; sourceTree = "<group>"; };
		2594692D248E27280011792F /* srp.h */ = {isa = PBXFileReference; fileEncoding = 4; lastKnownFileType = sourcecode.c.h; path = srp.h; sourceTree = "<group>"; };
		2594692E248E27280011792F /* camellia.h */ = {isa = PBXFileReference; fileEncoding = 4; lastKnownFileType = sourcecode.c.h; path = camellia.h; sourceTree = "<group>"; };
		2594692F248E27280011792F /* evp.h */ = {isa = PBXFileReference; fileEncoding = 4; lastKnownFileType = sourcecode.c.h; path = evp.h; sourceTree = "<group>"; };
		25946930248E27280011792F /* e_os2.h */ = {isa = PBXFileReference; fileEncoding = 4; lastKnownFileType = sourcecode.c.h; path = e_os2.h; sourceTree = "<group>"; };
		25946931248E27280011792F /* md4.h */ = {isa = PBXFileReference; fileEncoding = 4; lastKnownFileType = sourcecode.c.h; path = md4.h; sourceTree = "<group>"; };
		25946932248E27280011792F /* hmac.h */ = {isa = PBXFileReference; fileEncoding = 4; lastKnownFileType = sourcecode.c.h; path = hmac.h; sourceTree = "<group>"; };
		25946933248E27280011792F /* aes.h */ = {isa = PBXFileReference; fileEncoding = 4; lastKnownFileType = sourcecode.c.h; path = aes.h; sourceTree = "<group>"; };
		25946934248E27280011792F /* comp.h */ = {isa = PBXFileReference; fileEncoding = 4; lastKnownFileType = sourcecode.c.h; path = comp.h; sourceTree = "<group>"; };
		25946935248E27280011792F /* cast.h */ = {isa = PBXFileReference; fileEncoding = 4; lastKnownFileType = sourcecode.c.h; path = cast.h; sourceTree = "<group>"; };
		25946936248E27280011792F /* rc4.h */ = {isa = PBXFileReference; fileEncoding = 4; lastKnownFileType = sourcecode.c.h; path = rc4.h; sourceTree = "<group>"; };
		25946937248E27280011792F /* stack.h */ = {isa = PBXFileReference; fileEncoding = 4; lastKnownFileType = sourcecode.c.h; path = stack.h; sourceTree = "<group>"; };
		25946938248E27280011792F /* des.h */ = {isa = PBXFileReference; fileEncoding = 4; lastKnownFileType = sourcecode.c.h; path = des.h; sourceTree = "<group>"; };
		25946939248E27280011792F /* ocsp.h */ = {isa = PBXFileReference; fileEncoding = 4; lastKnownFileType = sourcecode.c.h; path = ocsp.h; sourceTree = "<group>"; };
		2594693A248E27280011792F /* ec.h */ = {isa = PBXFileReference; fileEncoding = 4; lastKnownFileType = sourcecode.c.h; path = ec.h; sourceTree = "<group>"; };
		2594693B248E27280011792F /* ecdh.h */ = {isa = PBXFileReference; fileEncoding = 4; lastKnownFileType = sourcecode.c.h; path = ecdh.h; sourceTree = "<group>"; };
		2594693C248E27280011792F /* rand.h */ = {isa = PBXFileReference; fileEncoding = 4; lastKnownFileType = sourcecode.c.h; path = rand.h; sourceTree = "<group>"; };
		2594693D248E27280011792F /* ts.h */ = {isa = PBXFileReference; fileEncoding = 4; lastKnownFileType = sourcecode.c.h; path = ts.h; sourceTree = "<group>"; };
		2594693E248E27280011792F /* pqueue.h */ = {isa = PBXFileReference; fileEncoding = 4; lastKnownFileType = sourcecode.c.h; path = pqueue.h; sourceTree = "<group>"; };
		2594693F248E27280011792F /* dso.h */ = {isa = PBXFileReference; fileEncoding = 4; lastKnownFileType = sourcecode.c.h; path = dso.h; sourceTree = "<group>"; };
		25946940248E27280011792F /* seed.h */ = {isa = PBXFileReference; fileEncoding = 4; lastKnownFileType = sourcecode.c.h; path = seed.h; sourceTree = "<group>"; };
		25946941248E27280011792F /* modes.h */ = {isa = PBXFileReference; fileEncoding = 4; lastKnownFileType = sourcecode.c.h; path = modes.h; sourceTree = "<group>"; };
		25946942248E27280011792F /* ssl2.h */ = {isa = PBXFileReference; fileEncoding = 4; lastKnownFileType = sourcecode.c.h; path = ssl2.h; sourceTree = "<group>"; };
		25946943248E27280011792F /* rsa.h */ = {isa = PBXFileReference; fileEncoding = 4; lastKnownFileType = sourcecode.c.h; path = rsa.h; sourceTree = "<group>"; };
		25946944248E27280011792F /* krb5_asn.h */ = {isa = PBXFileReference; fileEncoding = 4; lastKnownFileType = sourcecode.c.h; path = krb5_asn.h; sourceTree = "<group>"; };
		25946945248E27280011792F /* des_old.h */ = {isa = PBXFileReference; fileEncoding = 4; lastKnownFileType = sourcecode.c.h; path = des_old.h; sourceTree = "<group>"; };
		25946946248E27280011792F /* ripemd.h */ = {isa = PBXFileReference; fileEncoding = 4; lastKnownFileType = sourcecode.c.h; path = ripemd.h; sourceTree = "<group>"; };
		25946947248E27280011792F /* whrlpool.h */ = {isa = PBXFileReference; fileEncoding = 4; lastKnownFileType = sourcecode.c.h; path = whrlpool.h; sourceTree = "<group>"; };
		25946948248E27280011792F /* tls1.h */ = {isa = PBXFileReference; fileEncoding = 4; lastKnownFileType = sourcecode.c.h; path = tls1.h; sourceTree = "<group>"; };
		25946949248E27280011792F /* mdc2.h */ = {isa = PBXFileReference; fileEncoding = 4; lastKnownFileType = sourcecode.c.h; path = mdc2.h; sourceTree = "<group>"; };
		2594694A248E27280011792F /* dsa.h */ = {isa = PBXFileReference; fileEncoding = 4; lastKnownFileType = sourcecode.c.h; path = dsa.h; sourceTree = "<group>"; };
		2594694B248E27280011792F /* srtp.h */ = {isa = PBXFileReference; fileEncoding = 4; lastKnownFileType = sourcecode.c.h; path = srtp.h; sourceTree = "<group>"; };
		2594694C248E27280011792F /* asn1t.h */ = {isa = PBXFileReference; fileEncoding = 4; lastKnownFileType = sourcecode.c.h; path = asn1t.h; sourceTree = "<group>"; };
		2594694D248E27280011792F /* cmac.h */ = {isa = PBXFileReference; fileEncoding = 4; lastKnownFileType = sourcecode.c.h; path = cmac.h; sourceTree = "<group>"; };
		2594694E248E27280011792F /* ebcdic.h */ = {isa = PBXFileReference; fileEncoding = 4; lastKnownFileType = sourcecode.c.h; path = ebcdic.h; sourceTree = "<group>"; };
		2594694F248E27280011792F /* idea.h */ = {isa = PBXFileReference; fileEncoding = 4; lastKnownFileType = sourcecode.c.h; path = idea.h; sourceTree = "<group>"; };
		25946950248E27280011792F /* lhash.h */ = {isa = PBXFileReference; fileEncoding = 4; lastKnownFileType = sourcecode.c.h; path = lhash.h; sourceTree = "<group>"; };
		25946951248E27280011792F /* shim.h */ = {isa = PBXFileReference; fileEncoding = 4; lastKnownFileType = sourcecode.c.h; path = shim.h; sourceTree = "<group>"; };
		25946952248E27280011792F /* README.md */ = {isa = PBXFileReference; fileEncoding = 4; lastKnownFileType = net.daringfireball.markdown; path = README.md; sourceTree = "<group>"; };
		25946954248E27280011792F /* libcrypto.a */ = {isa = PBXFileReference; lastKnownFileType = archive.ar; path = libcrypto.a; sourceTree = "<group>"; };
		25946955248E27280011792F /* libssl.a */ = {isa = PBXFileReference; lastKnownFileType = archive.ar; path = libssl.a; sourceTree = "<group>"; };
		25946956248E27280011792F /* LICENSE.txt */ = {isa = PBXFileReference; fileEncoding = 4; lastKnownFileType = text; path = LICENSE.txt; sourceTree = "<group>"; };
		25C40D9D23A219CC00FD144F /* Model.h */ = {isa = PBXFileReference; fileEncoding = 4; lastKnownFileType = sourcecode.c.h; path = Model.h; sourceTree = "<group>"; };
		25C40D9E23A219CC00FD144F /* SigDataSource.h */ = {isa = PBXFileReference; fileEncoding = 4; lastKnownFileType = sourcecode.c.h; path = SigDataSource.h; sourceTree = "<group>"; };
		25C40D9F23A219CC00FD144F /* XHelp.h */ = {isa = PBXFileReference; fileEncoding = 4; lastKnownFileType = sourcecode.c.h; path = XHelp.h; sourceTree = "<group>"; };
		25C40DA023A219CC00FD144F /* LibHandle.h */ = {isa = PBXFileReference; fileEncoding = 4; lastKnownFileType = sourcecode.c.h; path = LibHandle.h; sourceTree = "<group>"; };
		25C40DA123A219CC00FD144F /* BLECallBackAPI.m */ = {isa = PBXFileReference; fileEncoding = 4; lastKnownFileType = sourcecode.c.objc; path = BLECallBackAPI.m; sourceTree = "<group>"; };
		25C40DA223A219CC00FD144F /* TransmitJsonManager.m */ = {isa = PBXFileReference; fileEncoding = 4; lastKnownFileType = sourcecode.c.objc; path = TransmitJsonManager.m; sourceTree = "<group>"; };
		25C40DA323A219CC00FD144F /* Bluetooth.h */ = {isa = PBXFileReference; fileEncoding = 4; lastKnownFileType = sourcecode.c.h; path = Bluetooth.h; sourceTree = "<group>"; };
		25C40DA423A219CC00FD144F /* OpenSSLHelper.h */ = {isa = PBXFileReference; fileEncoding = 4; lastKnownFileType = sourcecode.c.h; path = OpenSSLHelper.h; sourceTree = "<group>"; };
		25C40DA523A219CC00FD144F /* MeshOTAManager.h */ = {isa = PBXFileReference; fileEncoding = 4; lastKnownFileType = sourcecode.c.h; path = MeshOTAManager.h; sourceTree = "<group>"; };
		25C40DA623A219CC00FD144F /* OTAManager.h */ = {isa = PBXFileReference; fileEncoding = 4; lastKnownFileType = sourcecode.c.h; path = OTAManager.h; sourceTree = "<group>"; };
		25C40DA723A219CC00FD144F /* SDKLibCommand.h */ = {isa = PBXFileReference; fileEncoding = 4; lastKnownFileType = sourcecode.c.h; path = SDKLibCommand.h; sourceTree = "<group>"; };
		25C40DA823A219CC00FD144F /* XHelp.m */ = {isa = PBXFileReference; fileEncoding = 4; lastKnownFileType = sourcecode.c.objc; path = XHelp.m; sourceTree = "<group>"; };
		25C40DA923A219CC00FD144F /* TransmitJsonManager.h */ = {isa = PBXFileReference; fileEncoding = 4; lastKnownFileType = sourcecode.c.h; path = TransmitJsonManager.h; sourceTree = "<group>"; };
		25C40DAA23A219CC00FD144F /* OpenSSLHelper.m */ = {isa = PBXFileReference; fileEncoding = 4; lastKnownFileType = sourcecode.c.objc; path = OpenSSLHelper.m; sourceTree = "<group>"; };
		25C40DAB23A219CC00FD144F /* SDKLibCommand.m */ = {isa = PBXFileReference; fileEncoding = 4; lastKnownFileType = sourcecode.c.objc; path = SDKLibCommand.m; sourceTree = "<group>"; };
		25C40DAC23A219CC00FD144F /* LibTools.m */ = {isa = PBXFileReference; fileEncoding = 4; lastKnownFileType = sourcecode.c.objc; path = LibTools.m; sourceTree = "<group>"; };
		25C40DAD23A219CC00FD144F /* MeshOTAManager.m */ = {isa = PBXFileReference; fileEncoding = 4; lastKnownFileType = sourcecode.c.objc; path = MeshOTAManager.m; sourceTree = "<group>"; };
		25C40DAE23A219CC00FD144F /* SigDataSource.m */ = {isa = PBXFileReference; fileEncoding = 4; lastKnownFileType = sourcecode.c.objc; path = SigDataSource.m; sourceTree = "<group>"; };
		25C40DAF23A219CC00FD144F /* BLEProperties.m */ = {isa = PBXFileReference; fileEncoding = 4; lastKnownFileType = sourcecode.c.objc; path = BLEProperties.m; sourceTree = "<group>"; };
		25C40DB023A219CC00FD144F /* Model.m */ = {isa = PBXFileReference; fileEncoding = 4; lastKnownFileType = sourcecode.c.objc; path = Model.m; sourceTree = "<group>"; };
		25C40DB123A219CD00FD144F /* BLEProperties.h */ = {isa = PBXFileReference; fileEncoding = 4; lastKnownFileType = sourcecode.c.h; path = BLEProperties.h; sourceTree = "<group>"; };
		25C40DB223A219CD00FD144F /* LibHandle.m */ = {isa = PBXFileReference; fileEncoding = 4; lastKnownFileType = sourcecode.c.objc; path = LibHandle.m; sourceTree = "<group>"; };
		25C40DB323A219CD00FD144F /* LibTools.h */ = {isa = PBXFileReference; fileEncoding = 4; lastKnownFileType = sourcecode.c.h; path = LibTools.h; sourceTree = "<group>"; };
		25C40DB423A219CD00FD144F /* Bluetooth.m */ = {isa = PBXFileReference; fileEncoding = 4; lastKnownFileType = sourcecode.c.objc; path = Bluetooth.m; sourceTree = "<group>"; };
		25C40DB523A219CD00FD144F /* BLECallBackAPI.h */ = {isa = PBXFileReference; fileEncoding = 4; lastKnownFileType = sourcecode.c.h; path = BLECallBackAPI.h; sourceTree = "<group>"; };
		25C40DB623A219CD00FD144F /* OTAManager.m */ = {isa = PBXFileReference; fileEncoding = 4; lastKnownFileType = sourcecode.c.objc; path = OTAManager.m; sourceTree = "<group>"; };
		25C40F6B23A24B1900FD144F /* CoreBluetooth.framework */ = {isa = PBXFileReference; lastKnownFileType = wrapper.framework; name = CoreBluetooth.framework; path = System/Library/Frameworks/CoreBluetooth.framework; sourceTree = SDKROOT; };
		25C40F6D23A24C2900FD144F /* SigMeshOC-PrefixHeader.pch */ = {isa = PBXFileReference; fileEncoding = 4; lastKnownFileType = sourcecode.c.h; path = "SigMeshOC-PrefixHeader.pch"; sourceTree = "<group>"; };
		25C40F7623A3356900FD144F /* Script.sh */ = {isa = PBXFileReference; lastKnownFileType = text.script.sh; path = Script.sh; sourceTree = "<group>"; };
		25FFB86923A0D94A00334698 /* SigMeshOC.framework */ = {isa = PBXFileReference; explicitFileType = wrapper.framework; includeInIndex = 0; path = SigMeshOC.framework; sourceTree = BUILT_PRODUCTS_DIR; };
		25FFB86C23A0D94A00334698 /* SigMeshOC.h */ = {isa = PBXFileReference; lastKnownFileType = sourcecode.c.h; path = SigMeshOC.h; sourceTree = "<group>"; };
		25FFB86D23A0D94A00334698 /* Info.plist */ = {isa = PBXFileReference; lastKnownFileType = text.plist.xml; path = Info.plist; sourceTree = "<group>"; };
		25FFB88623A0DA3900334698 /* BTConst.h */ = {isa = PBXFileReference; fileEncoding = 4; lastKnownFileType = sourcecode.c.h; path = BTConst.h; sourceTree = "<group>"; };
/* End PBXFileReference section */

/* Begin PBXFrameworksBuildPhase section */
		25FFB86623A0D94A00334698 /* Frameworks */ = {
			isa = PBXFrameworksBuildPhase;
			buildActionMask = 2147483647;
			files = (
				259469AA248E27280011792F /* libssl.a in Frameworks */,
				258E2BEE248A46200078DA7C /* libsig_mesh_lib.a in Frameworks */,
				25C40F6C23A24B1900FD144F /* CoreBluetooth.framework in Frameworks */,
				259469A9248E27280011792F /* libcrypto.a in Frameworks */,
			);
			runOnlyForDeploymentPostprocessing = 0;
		};
/* End PBXFrameworksBuildPhase section */

/* Begin PBXGroup section */
		258E2BD4248A46200078DA7C /* sig_mesh_lib */ = {
			isa = PBXGroup;
			children = (
				258E2F70248A4F020078DA7C /* c_lib_header */,
				258E2BE1248A46200078DA7C /* Release-iphoneos */,
			);
			path = sig_mesh_lib;
			sourceTree = "<group>";
		};
		258E2BE1248A46200078DA7C /* Release-iphoneos */ = {
			isa = PBXGroup;
			children = (
				258E2BE2248A46200078DA7C /* libsig_mesh_lib.a */,
			);
			path = "Release-iphoneos";
			sourceTree = "<group>";
		};
		258E2F70248A4F020078DA7C /* c_lib_header */ = {
			isa = PBXGroup;
			children = (
				258E2FB2248DED3C0078DA7C /* ble_common.h */,
				258E2FB0248DEC7B0078DA7C /* blt_config.h */,
				258E2FAE248DEA990078DA7C /* light.h */,
				258E2FA2248DDA0B0078DA7C /* hci.h */,
				258E2FA0248DD9BE0078DA7C /* app_beacon.h */,
				258E2F9E248DD7240078DA7C /* cmd_interface.h */,
				258E2F9C248DD63A0078DA7C /* gatt_provision.h */,
				258E2F9A248DD4410078DA7C /* app_proxy.h */,
				258E2F95248A600D0078DA7C /* app_provison.h */,
				258E2F93248A5EA60078DA7C /* tutility.h */,
				258E2F91248A5E010078DA7C /* app_mesh.h */,
				258E2F8F248A5D710078DA7C /* mesh_config.h */,
				258E2F8D248A5CF40078DA7C /* bit.h */,
				258E2F8B248A5C710078DA7C /* types.h */,
				258E2F89248A5BEE0078DA7C /* mesh_node.h */,
				258E2F71248A4F020078DA7C /* time_model.h */,
				258E2F72248A4F020078DA7C /* fast_provision_model.h */,
				258E2F73248A4F020078DA7C /* scheduler.h */,
				258E2F74248A4F020078DA7C /* lighting_model_HSL.h */,
				258E2F75248A4F020078DA7C /* interface.h */,
				258E2F76248A4F020078DA7C /* le_crypto.h */,
				258E2F77248A4F020078DA7C /* remote_prov.h */,
				258E2F78248A4F020078DA7C /* mesh_common.h */,
				258E2F79248A4F020078DA7C /* app_heartbeat.h */,
				258E2F7A248A4F020078DA7C /* mesh_ota.h */,
				258E2F7B248A4F020078DA7C /* scene.h */,
			);
			path = c_lib_header;
			sourceTree = "<group>";
		};
		259468FE248E27270011792F /* OpenSSL */ = {
			isa = PBXGroup;
			children = (
				259468FF248E27270011792F /* include */,
				25946952248E27280011792F /* README.md */,
				25946953248E27280011792F /* lib */,
				25946956248E27280011792F /* LICENSE.txt */,
			);
			path = OpenSSL;
			sourceTree = "<group>";
		};
		259468FF248E27270011792F /* include */ = {
			isa = PBXGroup;
			children = (
				25946900248E27270011792F /* openssl */,
			);
			path = include;
			sourceTree = "<group>";
		};
		25946900248E27270011792F /* openssl */ = {
			isa = PBXGroup;
			children = (
				25946901248E27270011792F /* pem2.h */,
				25946902248E27270011792F /* pem.h */,
				25946903248E27270011792F /* ssl3.h */,
				25946904248E27270011792F /* ossl_typ.h */,
				25946905248E27270011792F /* dtls1.h */,
				25946906248E27270011792F /* err.h */,
				25946907248E27270011792F /* bn.h */,
				25946908248E27270011792F /* blowfish.h */,
				25946909248E27270011792F /* cms.h */,
				2594690A248E27270011792F /* engine.h */,
				2594690B248E27270011792F /* conf_api.h */,
				2594690C248E27280011792F /* x509.h */,
				2594690D248E27280011792F /* asn1_mac.h */,
				2594690E248E27280011792F /* ui.h */,
				2594690F248E27280011792F /* kssl.h */,
				25946910248E27280011792F /* sha.h */,
				25946911248E27280011792F /* symhacks.h */,
				25946912248E27280011792F /* asn1.h */,
				25946913248E27280011792F /* opensslconf.h */,
				25946914248E27280011792F /* bio.h */,
				25946915248E27280011792F /* rc2.h */,
				25946916248E27280011792F /* dh.h */,
				25946917248E27280011792F /* opensslconf-armv7.h */,
				25946918248E27280011792F /* ui_compat.h */,
				25946919248E27280011792F /* x509v3.h */,
				2594691A248E27280011792F /* opensslconf-armv7s.h */,
				2594691B248E27280011792F /* ssl23.h */,
				2594691C248E27280011792F /* conf.h */,
				2594691D248E27280011792F /* opensslconf-x86_64.h */,
				2594691E248E27280011792F /* md5.h */,
				2594691F248E27280011792F /* x509_vfy.h */,
				25946920248E27280011792F /* txt_db.h */,
				25946921248E27280011792F /* safestack.h */,
				25946922248E27280011792F /* opensslconf-i386.h */,
				25946923248E27280011792F /* opensslconf-arm64.h */,
				25946924248E27280011792F /* ecdsa.h */,
				25946925248E27280011792F /* objects.h */,
				25946926248E27280011792F /* pkcs12.h */,
				25946927248E27280011792F /* crypto.h */,
				25946928248E27280011792F /* opensslv.h */,
				25946929248E27280011792F /* pkcs7.h */,
				2594692A248E27280011792F /* obj_mac.h */,
				2594692B248E27280011792F /* buffer.h */,
				2594692C248E27280011792F /* ssl.h */,
				2594692D248E27280011792F /* srp.h */,
				2594692E248E27280011792F /* camellia.h */,
				2594692F248E27280011792F /* evp.h */,
				25946930248E27280011792F /* e_os2.h */,
				25946931248E27280011792F /* md4.h */,
				25946932248E27280011792F /* hmac.h */,
				25946933248E27280011792F /* aes.h */,
				25946934248E27280011792F /* comp.h */,
				25946935248E27280011792F /* cast.h */,
				25946936248E27280011792F /* rc4.h */,
				25946937248E27280011792F /* stack.h */,
				25946938248E27280011792F /* des.h */,
				25946939248E27280011792F /* ocsp.h */,
				2594693A248E27280011792F /* ec.h */,
				2594693B248E27280011792F /* ecdh.h */,
				2594693C248E27280011792F /* rand.h */,
				2594693D248E27280011792F /* ts.h */,
				2594693E248E27280011792F /* pqueue.h */,
				2594693F248E27280011792F /* dso.h */,
				25946940248E27280011792F /* seed.h */,
				25946941248E27280011792F /* modes.h */,
				25946942248E27280011792F /* ssl2.h */,
				25946943248E27280011792F /* rsa.h */,
				25946944248E27280011792F /* krb5_asn.h */,
				25946945248E27280011792F /* des_old.h */,
				25946946248E27280011792F /* ripemd.h */,
				25946947248E27280011792F /* whrlpool.h */,
				25946948248E27280011792F /* tls1.h */,
				25946949248E27280011792F /* mdc2.h */,
				2594694A248E27280011792F /* dsa.h */,
				2594694B248E27280011792F /* srtp.h */,
				2594694C248E27280011792F /* asn1t.h */,
				2594694D248E27280011792F /* cmac.h */,
				2594694E248E27280011792F /* ebcdic.h */,
				2594694F248E27280011792F /* idea.h */,
				25946950248E27280011792F /* lhash.h */,
				25946951248E27280011792F /* shim.h */,
			);
			path = openssl;
			sourceTree = "<group>";
		};
		25946953248E27280011792F /* lib */ = {
			isa = PBXGroup;
			children = (
				25946954248E27280011792F /* libcrypto.a */,
				25946955248E27280011792F /* libssl.a */,
			);
			path = lib;
			sourceTree = "<group>";
		};
		25C40F6A23A24B1900FD144F /* Frameworks */ = {
			isa = PBXGroup;
			children = (
				25C40F6B23A24B1900FD144F /* CoreBluetooth.framework */,
			);
			name = Frameworks;
			sourceTree = "<group>";
		};
		25FFB85F23A0D94A00334698 = {
			isa = PBXGroup;
			children = (
				25C40F7623A3356900FD144F /* Script.sh */,
				25FFB86B23A0D94A00334698 /* SigMeshOC */,
				25FFB86A23A0D94A00334698 /* Products */,
				25C40F6A23A24B1900FD144F /* Frameworks */,
			);
			sourceTree = "<group>";
		};
		25FFB86A23A0D94A00334698 /* Products */ = {
			isa = PBXGroup;
			children = (
				25FFB86923A0D94A00334698 /* SigMeshOC.framework */,
			);
			name = Products;
			sourceTree = "<group>";
		};
		25FFB86B23A0D94A00334698 /* SigMeshOC */ = {
			isa = PBXGroup;
			children = (
				259468FE248E27270011792F /* OpenSSL */,
				258E2BD4248A46200078DA7C /* sig_mesh_lib */,
				25FFB86C23A0D94A00334698 /* SigMeshOC.h */,
				25C40F6D23A24C2900FD144F /* SigMeshOC-PrefixHeader.pch */,
				25FFB88623A0DA3900334698 /* BTConst.h */,
				25C40DB523A219CD00FD144F /* BLECallBackAPI.h */,
				25C40DA123A219CC00FD144F /* BLECallBackAPI.m */,
				25C40DB123A219CD00FD144F /* BLEProperties.h */,
				25C40DAF23A219CC00FD144F /* BLEProperties.m */,
				25C40DA323A219CC00FD144F /* Bluetooth.h */,
				25C40DB423A219CD00FD144F /* Bluetooth.m */,
				25C40DA023A219CC00FD144F /* LibHandle.h */,
				25C40DB223A219CD00FD144F /* LibHandle.m */,
				25C40DB323A219CD00FD144F /* LibTools.h */,
				25C40DAC23A219CC00FD144F /* LibTools.m */,
				25C40DA523A219CC00FD144F /* MeshOTAManager.h */,
				25C40DAD23A219CC00FD144F /* MeshOTAManager.m */,
				25C40D9D23A219CC00FD144F /* Model.h */,
				25C40DB023A219CC00FD144F /* Model.m */,
				25C40DA423A219CC00FD144F /* OpenSSLHelper.h */,
				25C40DAA23A219CC00FD144F /* OpenSSLHelper.m */,
				25C40DA623A219CC00FD144F /* OTAManager.h */,
				25C40DB623A219CD00FD144F /* OTAManager.m */,
				25C40DA723A219CC00FD144F /* SDKLibCommand.h */,
				25C40DAB23A219CC00FD144F /* SDKLibCommand.m */,
				25C40D9E23A219CC00FD144F /* SigDataSource.h */,
				25C40DAE23A219CC00FD144F /* SigDataSource.m */,
				25C40DA923A219CC00FD144F /* TransmitJsonManager.h */,
				25C40DA223A219CC00FD144F /* TransmitJsonManager.m */,
				25C40D9F23A219CC00FD144F /* XHelp.h */,
				25C40DA823A219CC00FD144F /* XHelp.m */,
				25FFB86D23A0D94A00334698 /* Info.plist */,
			);
			path = SigMeshOC;
			sourceTree = "<group>";
		};
/* End PBXGroup section */

/* Begin PBXHeadersBuildPhase section */
		25FFB86423A0D94A00334698 /* Headers */ = {
			isa = PBXHeadersBuildPhase;
			buildActionMask = 2147483647;
			files = (
				2594696F248E27280011792F /* x509v3.h in Headers */,
				25946960248E27280011792F /* engine.h in Headers */,
				258E2F8C248A5C710078DA7C /* types.h in Headers */,
				258E2F8E248A5CF40078DA7C /* bit.h in Headers */,
				258E2F8A248A5BEE0078DA7C /* mesh_node.h in Headers */,
				25946987248E27280011792F /* md4.h in Headers */,
				258E2F90248A5D710078DA7C /* mesh_config.h in Headers */,
				25946997248E27280011792F /* modes.h in Headers */,
				258E2F92248A5E020078DA7C /* app_mesh.h in Headers */,
				2594696C248E27280011792F /* dh.h in Headers */,
				258E2F94248A5EA60078DA7C /* tutility.h in Headers */,
				25946974248E27280011792F /* md5.h in Headers */,
				25946998248E27280011792F /* ssl2.h in Headers */,
				258E2F9F248DD7240078DA7C /* cmd_interface.h in Headers */,
				258E2F96248A600D0078DA7C /* app_provison.h in Headers */,
				25946983248E27280011792F /* srp.h in Headers */,
				258E2F7C248A4F020078DA7C /* time_model.h in Headers */,
				258E2F80248A4F020078DA7C /* interface.h in Headers */,
				258E2F7F248A4F020078DA7C /* lighting_model_HSL.h in Headers */,
				25946984248E27280011792F /* camellia.h in Headers */,
				258E2F7E248A4F020078DA7C /* scheduler.h in Headers */,
				259469A6248E27280011792F /* lhash.h in Headers */,
				258E2F82248A4F020078DA7C /* remote_prov.h in Headers */,
				259469A5248E27280011792F /* idea.h in Headers */,
				258E2F85248A4F020078DA7C /* mesh_ota.h in Headers */,
				25946968248E27280011792F /* asn1.h in Headers */,
				25946971248E27280011792F /* ssl23.h in Headers */,
				25946992248E27280011792F /* rand.h in Headers */,
				2594695E248E27280011792F /* blowfish.h in Headers */,
				25946967248E27280011792F /* symhacks.h in Headers */,
				258E2F7D248A4F020078DA7C /* fast_provision_model.h in Headers */,
				25946994248E27280011792F /* pqueue.h in Headers */,
				25946970248E27280011792F /* opensslconf-armv7s.h in Headers */,
				25946966248E27280011792F /* sha.h in Headers */,
				2594699D248E27280011792F /* whrlpool.h in Headers */,
				258E2F81248A4F020078DA7C /* le_crypto.h in Headers */,
				2594698E248E27280011792F /* des.h in Headers */,
				25946990248E27280011792F /* ec.h in Headers */,
				258E2FA1248DD9BE0078DA7C /* app_beacon.h in Headers */,
				258E2F84248A4F020078DA7C /* app_heartbeat.h in Headers */,
				258E2F83248A4F020078DA7C /* mesh_common.h in Headers */,
				258E2FA3248DDA0B0078DA7C /* hci.h in Headers */,
				258E2F9D248DD63A0078DA7C /* gatt_provision.h in Headers */,
				258E2F9B248DD4410078DA7C /* app_proxy.h in Headers */,
				2594698B248E27280011792F /* cast.h in Headers */,
				2594698C248E27280011792F /* rc4.h in Headers */,
				2594698F248E27280011792F /* ocsp.h in Headers */,
				2594696B248E27280011792F /* rc2.h in Headers */,
				25946985248E27280011792F /* evp.h in Headers */,
				25946975248E27280011792F /* x509_vfy.h in Headers */,
				2594697C248E27280011792F /* pkcs12.h in Headers */,
				2594698D248E27280011792F /* stack.h in Headers */,
				25946989248E27280011792F /* aes.h in Headers */,
				25946963248E27280011792F /* asn1_mac.h in Headers */,
				25946996248E27280011792F /* seed.h in Headers */,
				2594696E248E27280011792F /* ui_compat.h in Headers */,
				25946973248E27280011792F /* opensslconf-x86_64.h in Headers */,
				258E2FB1248DEC7B0078DA7C /* blt_config.h in Headers */,
				25946991248E27280011792F /* ecdh.h in Headers */,
				2594695D248E27280011792F /* bn.h in Headers */,
				2594699E248E27280011792F /* tls1.h in Headers */,
				25946961248E27280011792F /* conf_api.h in Headers */,
				25946982248E27280011792F /* ssl.h in Headers */,
				259469A7248E27280011792F /* shim.h in Headers */,
				258E2FB3248DED3C0078DA7C /* ble_common.h in Headers */,
				258E2FAF248DEA9A0078DA7C /* light.h in Headers */,
				25C40DBD23A219CD00FD144F /* Bluetooth.h in Headers */,
				25946988248E27280011792F /* hmac.h in Headers */,
				25946999248E27280011792F /* rsa.h in Headers */,
				25C40DB723A219CD00FD144F /* Model.h in Headers */,
				2594697B248E27280011792F /* objects.h in Headers */,
				25946964248E27280011792F /* ui.h in Headers */,
				25C40DB823A219CD00FD144F /* SigDataSource.h in Headers */,
				25946981248E27280011792F /* buffer.h in Headers */,
				25946979248E27280011792F /* opensslconf-arm64.h in Headers */,
				259469A4248E27280011792F /* ebcdic.h in Headers */,
				259469A3248E27280011792F /* cmac.h in Headers */,
				25C40DC023A219CD00FD144F /* OTAManager.h in Headers */,
				25C40DBE23A219CD00FD144F /* OpenSSLHelper.h in Headers */,
				25C40DB923A219CD00FD144F /* XHelp.h in Headers */,
				25946976248E27280011792F /* txt_db.h in Headers */,
				25946993248E27280011792F /* ts.h in Headers */,
				2594695B248E27280011792F /* dtls1.h in Headers */,
				25C40DCD23A219CD00FD144F /* LibTools.h in Headers */,
				25946969248E27280011792F /* opensslconf.h in Headers */,
				2594699F248E27280011792F /* mdc2.h in Headers */,
				25C40DCF23A219CD00FD144F /* BLECallBackAPI.h in Headers */,
				2594699C248E27280011792F /* ripemd.h in Headers */,
				25946995248E27280011792F /* dso.h in Headers */,
				25946972248E27280011792F /* conf.h in Headers */,
				2594695F248E27280011792F /* cms.h in Headers */,
				25946958248E27280011792F /* pem.h in Headers */,
				2594697E248E27280011792F /* opensslv.h in Headers */,
				2594696D248E27280011792F /* opensslconf-armv7.h in Headers */,
				25C40DC323A219CD00FD144F /* TransmitJsonManager.h in Headers */,
				2594695C248E27280011792F /* err.h in Headers */,
				259469A1248E27280011792F /* srtp.h in Headers */,
				25946986248E27280011792F /* e_os2.h in Headers */,
				25946962248E27280011792F /* x509.h in Headers */,
				25946959248E27280011792F /* ssl3.h in Headers */,
				2594698A248E27280011792F /* comp.h in Headers */,
				2594697D248E27280011792F /* crypto.h in Headers */,
				25C40F6E23A24C2900FD144F /* SigMeshOC-PrefixHeader.pch in Headers */,
				2594695A248E27280011792F /* ossl_typ.h in Headers */,
				25946957248E27280011792F /* pem2.h in Headers */,
				25946965248E27280011792F /* kssl.h in Headers */,
				25C40DCB23A219CD00FD144F /* BLEProperties.h in Headers */,
				2594696A248E27280011792F /* bio.h in Headers */,
				258E2F86248A4F020078DA7C /* scene.h in Headers */,
				2594699A248E27280011792F /* krb5_asn.h in Headers */,
				2594697F248E27280011792F /* pkcs7.h in Headers */,
				25946978248E27280011792F /* opensslconf-i386.h in Headers */,
				25C40DC123A219CD00FD144F /* SDKLibCommand.h in Headers */,
				259469A2248E27280011792F /* asn1t.h in Headers */,
				25946977248E27280011792F /* safestack.h in Headers */,
				25C40DBF23A219CD00FD144F /* MeshOTAManager.h in Headers */,
				25C40DBA23A219CD00FD144F /* LibHandle.h in Headers */,
				2594699B248E27280011792F /* des_old.h in Headers */,
				259469A0248E27280011792F /* dsa.h in Headers */,
				2594697A248E27280011792F /* ecdsa.h in Headers */,
				25FFB8A423A0DA3A00334698 /* BTConst.h in Headers */,
				25946980248E27280011792F /* obj_mac.h in Headers */,
				25FFB86E23A0D94A00334698 /* SigMeshOC.h in Headers */,
			);
			runOnlyForDeploymentPostprocessing = 0;
		};
/* End PBXHeadersBuildPhase section */

/* Begin PBXNativeTarget section */
		25FFB86823A0D94A00334698 /* SigMeshOC */ = {
			isa = PBXNativeTarget;
			buildConfigurationList = 25FFB87123A0D94A00334698 /* Build configuration list for PBXNativeTarget "SigMeshOC" */;
			buildPhases = (
				25FFB86423A0D94A00334698 /* Headers */,
				25FFB86523A0D94A00334698 /* Sources */,
				25FFB86623A0D94A00334698 /* Frameworks */,
				25FFB86723A0D94A00334698 /* Resources */,
			);
			buildRules = (
			);
			dependencies = (
			);
			name = SigMeshOC;
			productName = SigMeshOC;
			productReference = 25FFB86923A0D94A00334698 /* SigMeshOC.framework */;
			productType = "com.apple.product-type.framework";
		};
/* End PBXNativeTarget section */

/* Begin PBXProject section */
		25FFB86023A0D94A00334698 /* Project object */ = {
			isa = PBXProject;
			attributes = {
				LastUpgradeCheck = 1130;
				ORGANIZATIONNAME = "梁家誌";
				TargetAttributes = {
					25FD996C23A4C6AA0050FAB4 = {
						CreatedOnToolsVersion = 11.3;
					};
					25FFB86823A0D94A00334698 = {
						CreatedOnToolsVersion = 11.3;
					};
				};
			};
			buildConfigurationList = 25FFB86323A0D94A00334698 /* Build configuration list for PBXProject "SigMeshOC" */;
			compatibilityVersion = "Xcode 9.3";
			developmentRegion = en;
			hasScannedForEncodings = 0;
			knownRegions = (
				en,
				Base,
			);
			mainGroup = 25FFB85F23A0D94A00334698;
			productRefGroup = 25FFB86A23A0D94A00334698 /* Products */;
			projectDirPath = "";
			projectRoot = "";
			targets = (
				25FFB86823A0D94A00334698 /* SigMeshOC */,
				25FD996C23A4C6AA0050FAB4 /* Release_SigMeshOC */,
			);
		};
/* End PBXProject section */

/* Begin PBXResourcesBuildPhase section */
		25FFB86723A0D94A00334698 /* Resources */ = {
			isa = PBXResourcesBuildPhase;
			buildActionMask = 2147483647;
			files = (
				259469AB248E27280011792F /* LICENSE.txt in Resources */,
				259469A8248E27280011792F /* README.md in Resources */,
			);
			runOnlyForDeploymentPostprocessing = 0;
		};
/* End PBXResourcesBuildPhase section */

/* Begin PBXShellScriptBuildPhase section */
		25FD997023A4C6C50050FAB4 /* ShellScript */ = {
			isa = PBXShellScriptBuildPhase;
			buildActionMask = 2147483647;
			files = (
			);
			inputFileListPaths = (
			);
			inputPaths = (
			);
			outputFileListPaths = (
			);
			outputPaths = (
			);
			runOnlyForDeploymentPostprocessing = 0;
			shellPath = /bin/sh;
			shellScript = "# Type a script or drag a script file from your workspace to insert its path.\n${SRCROOT}/Script.sh SigMeshOC\n";
		};
/* End PBXShellScriptBuildPhase section */

/* Begin PBXSourcesBuildPhase section */
		25FFB86523A0D94A00334698 /* Sources */ = {
			isa = PBXSourcesBuildPhase;
			buildActionMask = 2147483647;
			files = (
				25C40DC923A219CD00FD144F /* BLEProperties.m in Sources */,
				25C40DC823A219CD00FD144F /* SigDataSource.m in Sources */,
				25C40DC223A219CD00FD144F /* XHelp.m in Sources */,
				25C40DCC23A219CD00FD144F /* LibHandle.m in Sources */,
				25C40DCE23A219CD00FD144F /* Bluetooth.m in Sources */,
				25C40DBB23A219CD00FD144F /* BLECallBackAPI.m in Sources */,
				25C40DC523A219CD00FD144F /* SDKLibCommand.m in Sources */,
				25C40DC423A219CD00FD144F /* OpenSSLHelper.m in Sources */,
				25C40DD023A219CD00FD144F /* OTAManager.m in Sources */,
				25C40DBC23A219CD00FD144F /* TransmitJsonManager.m in Sources */,
				25C40DC623A219CD00FD144F /* LibTools.m in Sources */,
				25C40DC723A219CD00FD144F /* MeshOTAManager.m in Sources */,
				25C40DCA23A219CD00FD144F /* Model.m in Sources */,
			);
			runOnlyForDeploymentPostprocessing = 0;
		};
/* End PBXSourcesBuildPhase section */

/* Begin XCBuildConfiguration section */
		25FD996D23A4C6AB0050FAB4 /* Debug */ = {
			isa = XCBuildConfiguration;
			buildSettings = {
				CODE_SIGN_STYLE = Automatic;
				DEVELOPMENT_TEAM = J3AJAYU5N6;
				PRODUCT_NAME = "$(TARGET_NAME)";
			};
			name = Debug;
		};
		25FD996E23A4C6AB0050FAB4 /* Release */ = {
			isa = XCBuildConfiguration;
			buildSettings = {
				CODE_SIGN_STYLE = Automatic;
				DEVELOPMENT_TEAM = J3AJAYU5N6;
				PRODUCT_NAME = "$(TARGET_NAME)";
			};
			name = Release;
		};
		25FFB86F23A0D94A00334698 /* Debug */ = {
			isa = XCBuildConfiguration;
			buildSettings = {
				ALWAYS_SEARCH_USER_PATHS = NO;
				CLANG_ANALYZER_NONNULL = YES;
				CLANG_ANALYZER_NUMBER_OBJECT_CONVERSION = YES_AGGRESSIVE;
				CLANG_CXX_LANGUAGE_STANDARD = "gnu++14";
				CLANG_CXX_LIBRARY = "libc++";
				CLANG_ENABLE_MODULES = YES;
				CLANG_ENABLE_OBJC_ARC = YES;
				CLANG_ENABLE_OBJC_WEAK = YES;
				CLANG_WARN_BLOCK_CAPTURE_AUTORELEASING = YES;
				CLANG_WARN_BOOL_CONVERSION = YES;
				CLANG_WARN_COMMA = YES;
				CLANG_WARN_CONSTANT_CONVERSION = YES;
				CLANG_WARN_DEPRECATED_OBJC_IMPLEMENTATIONS = YES;
				CLANG_WARN_DIRECT_OBJC_ISA_USAGE = YES_ERROR;
				CLANG_WARN_DOCUMENTATION_COMMENTS = YES;
				CLANG_WARN_EMPTY_BODY = YES;
				CLANG_WARN_ENUM_CONVERSION = YES;
				CLANG_WARN_INFINITE_RECURSION = YES;
				CLANG_WARN_INT_CONVERSION = YES;
				CLANG_WARN_NON_LITERAL_NULL_CONVERSION = YES;
				CLANG_WARN_OBJC_IMPLICIT_RETAIN_SELF = YES;
				CLANG_WARN_OBJC_LITERAL_CONVERSION = YES;
				CLANG_WARN_OBJC_ROOT_CLASS = YES_ERROR;
				CLANG_WARN_RANGE_LOOP_ANALYSIS = YES;
				CLANG_WARN_STRICT_PROTOTYPES = YES;
				CLANG_WARN_SUSPICIOUS_MOVE = YES;
				CLANG_WARN_UNGUARDED_AVAILABILITY = YES_AGGRESSIVE;
				CLANG_WARN_UNREACHABLE_CODE = YES;
				CLANG_WARN__DUPLICATE_METHOD_MATCH = YES;
				COPY_PHASE_STRIP = NO;
				CURRENT_PROJECT_VERSION = 1;
				DEBUG_INFORMATION_FORMAT = dwarf;
				ENABLE_STRICT_OBJC_MSGSEND = YES;
				ENABLE_TESTABILITY = YES;
				GCC_C_LANGUAGE_STANDARD = gnu11;
				GCC_DYNAMIC_NO_PIC = NO;
				GCC_NO_COMMON_BLOCKS = YES;
				GCC_OPTIMIZATION_LEVEL = 0;
				GCC_PRECOMPILE_PREFIX_HEADER = YES;
				GCC_PREFIX_HEADER = "$(SRCROOT)/SigMeshOC/SigMeshOC-PrefixHeader.pch";
				GCC_PREPROCESSOR_DEFINITIONS = (
					"DEBUG=1",
					"$(inherited)",
					"IOS_APP_ENABLE=1",
					"WIN32=1",
				);
				GCC_WARN_64_TO_32_BIT_CONVERSION = YES;
				GCC_WARN_ABOUT_RETURN_TYPE = YES_ERROR;
				GCC_WARN_UNDECLARED_SELECTOR = YES;
				GCC_WARN_UNINITIALIZED_AUTOS = YES_AGGRESSIVE;
				GCC_WARN_UNUSED_FUNCTION = YES;
				GCC_WARN_UNUSED_VARIABLE = YES;
				HEADER_SEARCH_PATHS = (
					"\"$(SRCROOT)/SigMeshOC/sig_mesh_lib/SIG_MESH_header_file/ble_lt_mesh/vendor/common\"",
					"\"$(SRCROOT)/SigMeshOC/sig_mesh_lib/SIG_MESH_header_file/ble_lt_mesh/proj_lib/sig_mesh\"",
					"\"$(SRCROOT)/SigMeshOC/sig_mesh_lib/SIG_MESH_header_file/ble_lt_mesh/proj_lib/mesh_crypto\"",
				);
				IPHONEOS_DEPLOYMENT_TARGET = 9.0;
				LIBRARY_SEARCH_PATHS = "$(PROJECT_DIR)/SigMeshOC/sig_mesh_lib";
				MACH_O_TYPE = staticlib;
				MTL_ENABLE_DEBUG_INFO = INCLUDE_SOURCE;
				MTL_FAST_MATH = YES;
				ONLY_ACTIVE_ARCH = YES;
				SDKROOT = iphoneos;
				VERSIONING_SYSTEM = "apple-generic";
				VERSION_INFO_PREFIX = "";
			};
			name = Debug;
		};
		25FFB87023A0D94A00334698 /* Release */ = {
			isa = XCBuildConfiguration;
			buildSettings = {
				ALWAYS_SEARCH_USER_PATHS = NO;
				CLANG_ANALYZER_NONNULL = YES;
				CLANG_ANALYZER_NUMBER_OBJECT_CONVERSION = YES_AGGRESSIVE;
				CLANG_CXX_LANGUAGE_STANDARD = "gnu++14";
				CLANG_CXX_LIBRARY = "libc++";
				CLANG_ENABLE_MODULES = YES;
				CLANG_ENABLE_OBJC_ARC = YES;
				CLANG_ENABLE_OBJC_WEAK = YES;
				CLANG_WARN_BLOCK_CAPTURE_AUTORELEASING = YES;
				CLANG_WARN_BOOL_CONVERSION = YES;
				CLANG_WARN_COMMA = YES;
				CLANG_WARN_CONSTANT_CONVERSION = YES;
				CLANG_WARN_DEPRECATED_OBJC_IMPLEMENTATIONS = YES;
				CLANG_WARN_DIRECT_OBJC_ISA_USAGE = YES_ERROR;
				CLANG_WARN_DOCUMENTATION_COMMENTS = YES;
				CLANG_WARN_EMPTY_BODY = YES;
				CLANG_WARN_ENUM_CONVERSION = YES;
				CLANG_WARN_INFINITE_RECURSION = YES;
				CLANG_WARN_INT_CONVERSION = YES;
				CLANG_WARN_NON_LITERAL_NULL_CONVERSION = YES;
				CLANG_WARN_OBJC_IMPLICIT_RETAIN_SELF = YES;
				CLANG_WARN_OBJC_LITERAL_CONVERSION = YES;
				CLANG_WARN_OBJC_ROOT_CLASS = YES_ERROR;
				CLANG_WARN_RANGE_LOOP_ANALYSIS = YES;
				CLANG_WARN_STRICT_PROTOTYPES = YES;
				CLANG_WARN_SUSPICIOUS_MOVE = YES;
				CLANG_WARN_UNGUARDED_AVAILABILITY = YES_AGGRESSIVE;
				CLANG_WARN_UNREACHABLE_CODE = YES;
				CLANG_WARN__DUPLICATE_METHOD_MATCH = YES;
				COPY_PHASE_STRIP = NO;
				CURRENT_PROJECT_VERSION = 1;
				DEBUG_INFORMATION_FORMAT = "dwarf-with-dsym";
				ENABLE_NS_ASSERTIONS = NO;
				ENABLE_STRICT_OBJC_MSGSEND = YES;
				GCC_C_LANGUAGE_STANDARD = gnu11;
				GCC_NO_COMMON_BLOCKS = YES;
				GCC_PRECOMPILE_PREFIX_HEADER = YES;
				GCC_PREFIX_HEADER = "$(SRCROOT)/SigMeshOC/SigMeshOC-PrefixHeader.pch";
				GCC_PREPROCESSOR_DEFINITIONS = (
					"IOS_APP_ENABLE=1",
					"WIN32=1",
				);
				GCC_WARN_64_TO_32_BIT_CONVERSION = YES;
				GCC_WARN_ABOUT_RETURN_TYPE = YES_ERROR;
				GCC_WARN_UNDECLARED_SELECTOR = YES;
				GCC_WARN_UNINITIALIZED_AUTOS = YES_AGGRESSIVE;
				GCC_WARN_UNUSED_FUNCTION = YES;
				GCC_WARN_UNUSED_VARIABLE = YES;
				HEADER_SEARCH_PATHS = (
					"\"$(SRCROOT)/SigMeshOC/sig_mesh_lib/SIG_MESH_header_file/ble_lt_mesh/vendor/common\"",
					"\"$(SRCROOT)/SigMeshOC/sig_mesh_lib/SIG_MESH_header_file/ble_lt_mesh/proj_lib/sig_mesh\"",
					"\"$(SRCROOT)/SigMeshOC/sig_mesh_lib/SIG_MESH_header_file/ble_lt_mesh/proj_lib/mesh_crypto\"",
				);
				IPHONEOS_DEPLOYMENT_TARGET = 9.0;
				LIBRARY_SEARCH_PATHS = "$(PROJECT_DIR)/SigMeshOC/sig_mesh_lib";
				MACH_O_TYPE = staticlib;
				MTL_ENABLE_DEBUG_INFO = NO;
				MTL_FAST_MATH = YES;
				SDKROOT = iphoneos;
				VALIDATE_PRODUCT = YES;
				VERSIONING_SYSTEM = "apple-generic";
				VERSION_INFO_PREFIX = "";
			};
			name = Release;
		};
		25FFB87223A0D94A00334698 /* Debug */ = {
			isa = XCBuildConfiguration;
			buildSettings = {
				ARCHS = (
					"$(ARCHS_STANDARD)",
					armv7s,
				);
				CODE_SIGN_STYLE = Automatic;
				DEFINES_MODULE = YES;
				DEVELOPMENT_TEAM = J3AJAYU5N6;
				DYLIB_COMPATIBILITY_VERSION = 1;
				DYLIB_CURRENT_VERSION = 1;
				DYLIB_INSTALL_NAME_BASE = "@rpath";
				HEADER_SEARCH_PATHS = (
					"\"$(SRCROOT)/SigMeshOC/sig_mesh_lib/SIG_MESH_header_file/ble_lt_mesh/vendor/common\"",
					"\"$(SRCROOT)/SigMeshOC/sig_mesh_lib/SIG_MESH_header_file/ble_lt_mesh/proj_lib/sig_mesh\"",
					"\"$(SRCROOT)/SigMeshOC/sig_mesh_lib/SIG_MESH_header_file/ble_lt_mesh/proj_lib/mesh_crypto\"",
					"\"$(SRCROOT)/SigMeshOC/OpenSSL/include\"",
				);
				INFOPLIST_FILE = SigMeshOC/Info.plist;
				INSTALL_PATH = "$(LOCAL_LIBRARY_DIR)/Frameworks";
				IPHONEOS_DEPLOYMENT_TARGET = 9.0;
				LD_RUNPATH_SEARCH_PATHS = (
					"$(inherited)",
					"@executable_path/Frameworks",
					"@loader_path/Frameworks",
				);
				LIBRARY_SEARCH_PATHS = (
					"$(inherited)",
					"$(PROJECT_DIR)/SigMeshOC/OpenSSL/lib",
					"$(PROJECT_DIR)/SigMeshOC/sig_mesh_lib/Release-iphoneos",
					"$(PROJECT_DIR)/SigMeshOC/sig_mesh_lib\\ copy/Release-iphoneos",
					"$(PROJECT_DIR)/SigMeshOC/sig_mesh_lib/vendor/common/mi_api/certi/third_party/micro-ecc",
					"$(PROJECT_DIR)/SigMeshOC/sig_mesh_lib/proj_lib",
					"$(PROJECT_DIR)/SigMeshOC/OpenSSL/lib",
				);
				MACH_O_TYPE = staticlib;
				MARKETING_VERSION = 3.2.2;
				PRODUCT_BUNDLE_IDENTIFIER = com.telink.SigMeshOC;
				PRODUCT_NAME = "$(TARGET_NAME:c99extidentifier)";
				SKIP_INSTALL = YES;
				SUPPORTS_MACCATALYST = NO;
				TARGETED_DEVICE_FAMILY = "1,2";
			};
			name = Debug;
		};
		25FFB87323A0D94A00334698 /* Release */ = {
			isa = XCBuildConfiguration;
			buildSettings = {
				ARCHS = (
					"$(ARCHS_STANDARD)",
					armv7s,
				);
				CODE_SIGN_STYLE = Automatic;
				DEFINES_MODULE = YES;
				DEVELOPMENT_TEAM = J3AJAYU5N6;
				DYLIB_COMPATIBILITY_VERSION = 1;
				DYLIB_CURRENT_VERSION = 1;
				DYLIB_INSTALL_NAME_BASE = "@rpath";
				GCC_PREPROCESSOR_DEFINITIONS = (
					"IOS_APP_ENABLE=1",
					"WIN32=1",
					"DEBUG=0",
				);
				HEADER_SEARCH_PATHS = (
					"\"$(SRCROOT)/SigMeshOC/sig_mesh_lib/SIG_MESH_header_file/ble_lt_mesh/vendor/common\"",
					"\"$(SRCROOT)/SigMeshOC/sig_mesh_lib/SIG_MESH_header_file/ble_lt_mesh/proj_lib/sig_mesh\"",
					"\"$(SRCROOT)/SigMeshOC/sig_mesh_lib/SIG_MESH_header_file/ble_lt_mesh/proj_lib/mesh_crypto\"",
					"\"$(SRCROOT)/SigMeshOC/OpenSSL/include\"",
				);
				INFOPLIST_FILE = SigMeshOC/Info.plist;
				INSTALL_PATH = "$(LOCAL_LIBRARY_DIR)/Frameworks";
				IPHONEOS_DEPLOYMENT_TARGET = 9.0;
				LD_RUNPATH_SEARCH_PATHS = (
					"$(inherited)",
					"@executable_path/Frameworks",
					"@loader_path/Frameworks",
				);
				LIBRARY_SEARCH_PATHS = (
					"$(inherited)",
					"$(PROJECT_DIR)/SigMeshOC/OpenSSL/lib",
					"$(PROJECT_DIR)/SigMeshOC/sig_mesh_lib/Release-iphoneos",
					"$(PROJECT_DIR)/SigMeshOC/sig_mesh_lib\\ copy/Release-iphoneos",
					"$(PROJECT_DIR)/SigMeshOC/sig_mesh_lib/vendor/common/mi_api/certi/third_party/micro-ecc",
					"$(PROJECT_DIR)/SigMeshOC/sig_mesh_lib/proj_lib",
					"$(PROJECT_DIR)/SigMeshOC/OpenSSL/lib",
				);
				MACH_O_TYPE = staticlib;
				MARKETING_VERSION = 3.2.2;
				PRODUCT_BUNDLE_IDENTIFIER = com.telink.SigMeshOC;
				PRODUCT_NAME = "$(TARGET_NAME:c99extidentifier)";
				SKIP_INSTALL = YES;
				SUPPORTS_MACCATALYST = NO;
				TARGETED_DEVICE_FAMILY = "1,2";
			};
			name = Release;
		};
/* End XCBuildConfiguration section */

/* Begin XCConfigurationList section */
		25FD996F23A4C6AB0050FAB4 /* Build configuration list for PBXAggregateTarget "Release_SigMeshOC" */ = {
			isa = XCConfigurationList;
			buildConfigurations = (
				25FD996D23A4C6AB0050FAB4 /* Debug */,
				25FD996E23A4C6AB0050FAB4 /* Release */,
			);
			defaultConfigurationIsVisible = 0;
			defaultConfigurationName = Release;
		};
		25FFB86323A0D94A00334698 /* Build configuration list for PBXProject "SigMeshOC" */ = {
			isa = XCConfigurationList;
			buildConfigurations = (
				25FFB86F23A0D94A00334698 /* Debug */,
				25FFB87023A0D94A00334698 /* Release */,
			);
			defaultConfigurationIsVisible = 0;
			defaultConfigurationName = Release;
		};
		25FFB87123A0D94A00334698 /* Build configuration list for PBXNativeTarget "SigMeshOC" */ = {
			isa = XCConfigurationList;
			buildConfigurations = (
				25FFB87223A0D94A00334698 /* Debug */,
				25FFB87323A0D94A00334698 /* Release */,
			);
			defaultConfigurationIsVisible = 0;
			defaultConfigurationName = Release;
		};
/* End XCConfigurationList section */
	};
	rootObject = 25FFB86023A0D94A00334698 /* Project object */;
}
